{
  "object": {
    "pins": [
      {
        "package": "RectangleKit",
        "repositoryURL": "https://github.com/lillyzh/RectangleKit.git",
        "state": {
          "branch": "main",
          "revision": "6c87317701c8f2d08f7e53e7c38f627e82b175af",
          "version": null
        }
      }
    ]
  },
  "version": 1
}
